
Microsoft Visual Studio Solution File, Format Version 12.00
# Visual Studio Version 17
VisualStudioVersion = 17.7.34009.444
MinimumVisualStudioVersion = 10.0.40219.1
Project("{9A19103F-16F7-4668-BE54-9A1E7A4F7556}") = "UmbracoConfigurationViewer", "UmbracoConfigurationViewer\UmbracoConfigurationViewer.csproj", "{D0967841-EDC3-4139-9F22-841DD3C72B6B}"
EndProject
EndProject
Global
	GlobalSection(SolutionConfigurationPlatforms) = preSolution
		Debug|Any CPU = Debug|Any CPU
		Release|Any CPU = Release|Any CPU
	EndGlobalSection
	GlobalSection(ProjectConfigurationPlatforms) = postSolution
		{D0967841-EDC3-4139-9F22-841DD3C72B6B}.Debug|Any CPU.ActiveCfg = Debug|Any CPU
		{D0967841-EDC3-4139-9F22-841DD3C72B6B}.Debug|Any CPU.Build.0 = Debug|Any CPU
		{D0967841-EDC3-4139-9F22-841DD3C72B6B}.Release|Any CPU.ActiveCfg = Release|Any CPU
		{D0967841-EDC3-4139-9F22-841DD3C72B6B}.Release|Any CPU.Build.0 = Release|Any CPU
	EndGlobalSection
	GlobalSection(SolutionProperties) = preSolution
		HideSolutionNode = FALSE
	EndGlobalSection
	GlobalSection(ExtensibilityGlobals) = postSolution
		SolutionGuid = {F108FC06-78DF-4FA8-A2E1-D33778212387}
	EndGlobalSection
EndGlobal
